// !$*UTF8*$!
{
	archiveVersion = 1;
	classes = {
	};
	objectVersion = 56;
	objects = {

/* Begin PBXBuildFile section */
		28036BB128F71828003CDFEF /* BridgeManager.swift in Sources */ = {isa = PBXBuildFile; fileRef = 28036BB028F71828003CDFEF /* BridgeManager.swift */; };
		28036BB328F71948003CDFEF /* SceneDelegate.swift in Sources */ = {isa = PBXBuildFile; fileRef = 28036BB228F71948003CDFEF /* SceneDelegate.swift */; };
		285B45AA28F57F8A006DCBCD /* AppDelegate.swift in Sources */ = {isa = PBXBuildFile; fileRef = 285B45A928F57F8A006DCBCD /* AppDelegate.swift */; };
		285B45AE28F57F8A006DCBCD /* ViewController.swift in Sources */ = {isa = PBXBuildFile; fileRef = 285B45AD28F57F8A006DCBCD /* ViewController.swift */; };
		285B45B128F57F8A006DCBCD /* Main.storyboard in Resources */ = {isa = PBXBuildFile; fileRef = 285B45AF28F57F8A006DCBCD /* Main.storyboard */; };
		285B45B328F57F8B006DCBCD /* Assets.xcassets in Resources */ = {isa = PBXBuildFile; fileRef = 285B45B228F57F8B006DCBCD /* Assets.xcassets */; };
		285B45B628F57F8B006DCBCD /* LaunchScreen.storyboard in Resources */ = {isa = PBXBuildFile; fileRef = 285B45B428F57F8B006DCBCD /* LaunchScreen.storyboard */; };
		34AD5E207CD9031ADB99D92E /* libPods-BrownfieldPlayground-Swift.a in Frameworks */ = {isa = PBXBuildFile; fileRef = 10D05493E60FD95992757FC1 /* libPods-BrownfieldPlayground-Swift.a */; };
/* End PBXBuildFile section */

/* Begin PBXFileReference section */
		02A6CD2FA7492184928359BF /* Pods-BrownfieldPlayground.debug.xcconfig */ = {isa = PBXFileReference; includeInIndex = 1; lastKnownFileType = text.xcconfig; name = "Pods-BrownfieldPlayground.debug.xcconfig"; path = "Target Support Files/Pods-BrownfieldPlayground-Swift/Pods-BrownfieldPlayground.debug.xcconfig"; sourceTree = "<group>"; };
		10D05493E60FD95992757FC1 /* libPods-BrownfieldPlayground-Swift.a */ = {isa = PBXFileReference; explicitFileType = archive.ar; includeInIndex = 0; path = "libPods-BrownfieldPlayground-Swift.a"; sourceTree = BUILT_PRODUCTS_DIR; };
		28036BB028F71828003CDFEF /* BridgeManager.swift */ = {isa = PBXFileReference; lastKnownFileType = sourcecode.swift; path = BridgeManager.swift; sourceTree = "<group>"; };
		28036BB228F71948003CDFEF /* SceneDelegate.swift */ = {isa = PBXFileReference; lastKnownFileType = sourcecode.swift; path = SceneDelegate.swift; sourceTree = "<group>"; };
		285B45A628F57F8A006DCBCD /* BrownfieldPlayground-Swift.app */ = {isa = PBXFileReference; explicitFileType = wrapper.application; includeInIndex = 0; path = "BrownfieldPlayground-Swift.app"; sourceTree = BUILT_PRODUCTS_DIR; };
		285B45A928F57F8A006DCBCD /* AppDelegate.swift */ = {isa = PBXFileReference; lastKnownFileType = sourcecode.swift; path = AppDelegate.swift; sourceTree = "<group>"; };
		285B45AD28F57F8A006DCBCD /* ViewController.swift */ = {isa = PBXFileReference; lastKnownFileType = sourcecode.swift; path = ViewController.swift; sourceTree = "<group>"; };
		285B45B028F57F8A006DCBCD /* Base */ = {isa = PBXFileReference; lastKnownFileType = file.storyboard; name = Base; path = Base.lproj/Main.storyboard; sourceTree = "<group>"; };
		285B45B228F57F8B006DCBCD /* Assets.xcassets */ = {isa = PBXFileReference; lastKnownFileType = folder.assetcatalog; path = Assets.xcassets; sourceTree = "<group>"; };
		285B45B528F57F8B006DCBCD /* Base */ = {isa = PBXFileReference; lastKnownFileType = file.storyboard; name = Base; path = Base.lproj/LaunchScreen.storyboard; sourceTree = "<group>"; };
		285B45B728F57F8B006DCBCD /* Info.plist */ = {isa = PBXFileReference; lastKnownFileType = text.plist.xml; path = Info.plist; sourceTree = "<group>"; };
		2AFC1E93BCDD91467D07E3C5 /* Pods-BrownfieldPlayground-Swift.release.xcconfig */ = {isa = PBXFileReference; includeInIndex = 1; lastKnownFileType = text.xcconfig; name = "Pods-BrownfieldPlayground-Swift.release.xcconfig"; path = "Target Support Files/Pods-BrownfieldPlayground-Swift/Pods-BrownfieldPlayground-Swift.release.xcconfig"; sourceTree = "<group>"; };
		4769AAD4DDF19831D0F44E67 /* Pods-BrownfieldPlayground-Swift.debug.xcconfig */ = {isa = PBXFileReference; includeInIndex = 1; lastKnownFileType = text.xcconfig; name = "Pods-BrownfieldPlayground-Swift.debug.xcconfig"; path = "Target Support Files/Pods-BrownfieldPlayground-Swift/Pods-BrownfieldPlayground-Swift.debug.xcconfig"; sourceTree = "<group>"; };
		8582FE1EDDA0FC2F7A2F4B28 /* Pods-BrownfieldPlayground.release.xcconfig */ = {isa = PBXFileReference; includeInIndex = 1; lastKnownFileType = text.xcconfig; name = "Pods-BrownfieldPlayground.release.xcconfig"; path = "Target Support Files/Pods-BrownfieldPlayground-Swift/Pods-BrownfieldPlayground.release.xcconfig"; sourceTree = "<group>"; };
/* End PBXFileReference section */

/* Begin PBXFrameworksBuildPhase section */
		285B45A328F57F8A006DCBCD /* Frameworks */ = {
			isa = PBXFrameworksBuildPhase;
			buildActionMask = 2147483647;
			files = (
				34AD5E207CD9031ADB99D92E /* libPods-BrownfieldPlayground-Swift.a in Frameworks */,
			);
			runOnlyForDeploymentPostprocessing = 0;
		};
/* End PBXFrameworksBuildPhase section */

/* Begin PBXGroup section */
		237DCFDD3941BFAD9E7AE4A8 /* Frameworks */ = {
			isa = PBXGroup;
			children = (
				10D05493E60FD95992757FC1 /* libPods-BrownfieldPlayground-Swift.a */,
			);
			name = Frameworks;
			sourceTree = "<group>";
		};
		285B459D28F57F8A006DCBCD = {
			isa = PBXGroup;
			children = (
				285B45A828F57F8A006DCBCD /* BrownfieldPlayground-Swift */,
				285B45A728F57F8A006DCBCD /* Products */,
				7F6011CE88D88FD7FF4F3FED /* Pods */,
				237DCFDD3941BFAD9E7AE4A8 /* Frameworks */,
			);
			sourceTree = "<group>";
		};
		285B45A728F57F8A006DCBCD /* Products */ = {
			isa = PBXGroup;
			children = (
				285B45A628F57F8A006DCBCD /* BrownfieldPlayground-Swift.app */,
			);
			name = Products;
			sourceTree = "<group>";
		};
		285B45A828F57F8A006DCBCD /* BrownfieldPlayground-Swift */ = {
			isa = PBXGroup;
			children = (
				285B45A928F57F8A006DCBCD /* AppDelegate.swift */,
				28036BB028F71828003CDFEF /* BridgeManager.swift */,
				28036BB228F71948003CDFEF /* SceneDelegate.swift */,
				285B45AD28F57F8A006DCBCD /* ViewController.swift */,
				285B45AF28F57F8A006DCBCD /* Main.storyboard */,
				285B45B228F57F8B006DCBCD /* Assets.xcassets */,
				285B45B428F57F8B006DCBCD /* LaunchScreen.storyboard */,
				285B45B728F57F8B006DCBCD /* Info.plist */,
			);
			path = "BrownfieldPlayground-Swift";
			sourceTree = "<group>";
		};
		7F6011CE88D88FD7FF4F3FED /* Pods */ = {
			isa = PBXGroup;
			children = (
				02A6CD2FA7492184928359BF /* Pods-BrownfieldPlayground.debug.xcconfig */,
				8582FE1EDDA0FC2F7A2F4B28 /* Pods-BrownfieldPlayground.release.xcconfig */,
				4769AAD4DDF19831D0F44E67 /* Pods-BrownfieldPlayground-Swift.debug.xcconfig */,
				2AFC1E93BCDD91467D07E3C5 /* Pods-BrownfieldPlayground-Swift.release.xcconfig */,
			);
			path = Pods;
			sourceTree = "<group>";
		};
/* End PBXGroup section */

/* Begin PBXNativeTarget section */
		285B45A528F57F8A006DCBCD /* BrownfieldPlayground-Swift */ = {
			isa = PBXNativeTarget;
			buildConfigurationList = 285B45BA28F57F8B006DCBCD /* Build configuration list for PBXNativeTarget "BrownfieldPlayground-Swift" */;
			buildPhases = (
				BADEB2816E7DB690BCFA211E /* [CP] Check Pods Manifest.lock */,
				285B45A228F57F8A006DCBCD /* Sources */,
				285B45A328F57F8A006DCBCD /* Frameworks */,
				285B45A428F57F8A006DCBCD /* Resources */,
				2DA0387CAF4A895CB62A4168 /* [CP] Embed Pods Frameworks */,
				2E480D5543A3362C1EA35F1C /* [CP] Copy Pods Resources */,
				285B45BD28F58BA6006DCBCD /* Bundle React Native code and images */,
				285B45BE28F58CAB006DCBCD /* Start Metro bundler */,
			);
			buildRules = (
			);
			dependencies = (
			);
			name = "BrownfieldPlayground-Swift";
			productName = BrownfieldPlayground;
			productReference = 285B45A628F57F8A006DCBCD /* BrownfieldPlayground-Swift.app */;
			productType = "com.apple.product-type.application";
		};
/* End PBXNativeTarget section */

/* Begin PBXProject section */
		285B459E28F57F8A006DCBCD /* Project object */ = {
			isa = PBXProject;
			attributes = {
				BuildIndependentTargetsInParallel = 1;
				LastSwiftUpdateCheck = 1400;
				LastUpgradeCheck = 1400;
				TargetAttributes = {
					285B45A528F57F8A006DCBCD = {
						CreatedOnToolsVersion = 14.0.1;
					};
				};
			};
			buildConfigurationList = 285B45A128F57F8A006DCBCD /* Build configuration list for PBXProject "BrownfieldPlayground-Swift" */;
			compatibilityVersion = "Xcode 14.0";
			developmentRegion = en;
			hasScannedForEncodings = 0;
			knownRegions = (
				en,
				Base,
			);
			mainGroup = 285B459D28F57F8A006DCBCD;
			productRefGroup = 285B45A728F57F8A006DCBCD /* Products */;
			projectDirPath = "";
			projectRoot = "";
			targets = (
				285B45A528F57F8A006DCBCD /* BrownfieldPlayground-Swift */,
			);
		};
/* End PBXProject section */

/* Begin PBXResourcesBuildPhase section */
		285B45A428F57F8A006DCBCD /* Resources */ = {
			isa = PBXResourcesBuildPhase;
			buildActionMask = 2147483647;
			files = (
				285B45B628F57F8B006DCBCD /* LaunchScreen.storyboard in Resources */,
				285B45B328F57F8B006DCBCD /* Assets.xcassets in Resources */,
				285B45B128F57F8A006DCBCD /* Main.storyboard in Resources */,
			);
			runOnlyForDeploymentPostprocessing = 0;
		};
/* End PBXResourcesBuildPhase section */

/* Begin PBXShellScriptBuildPhase section */
		285B45BD28F58BA6006DCBCD /* Bundle React Native code and images */ = {
			isa = PBXShellScriptBuildPhase;
			buildActionMask = 2147483647;
			files = (
			);
			inputFileListPaths = (
			);
			inputPaths = (
			);
			name = "Bundle React Native code and images";
			outputFileListPaths = (
			);
			outputPaths = (
			);
			runOnlyForDeploymentPostprocessing = 0;
			shellPath = /bin/sh;
			shellScript = "set -e\n\nWITH_ENVIRONMENT=\"./node_modules/react-native/scripts/xcode/with-environment.sh\"\nREACT_NATIVE_XCODE=\"./node_modules/react-native/scripts/react-native-xcode.sh\"\n\n/bin/sh -c \"$WITH_ENVIRONMENT $REACT_NATIVE_XCODE\"\n";
		};
		285B45BE28F58CAB006DCBCD /* Start Metro bundler */ = {
			isa = PBXShellScriptBuildPhase;
			buildActionMask = 2147483647;
			files = (
			);
			inputFileListPaths = (
			);
			inputPaths = (
			);
			name = "Start Metro bundler";
			outputFileListPaths = (
			);
			outputPaths = (
			);
			runOnlyForDeploymentPostprocessing = 0;
			shellPath = /bin/sh;
			shellScript = "export RCT_METRO_PORT=\"${RCT_METRO_PORT:=8081}\"\necho \"export RCT_METRO_PORT=${RCT_METRO_PORT}\" > \"${SRCROOT}/node_modules/react-native/scripts/.packager.env\"\nif [ -z \"${RCT_NO_LAUNCH_PACKAGER+xxx}\" ] ; then\n  if nc -w 5 -z localhost ${RCT_METRO_PORT} ; then\n    if ! curl -s \"http://localhost:${RCT_METRO_PORT}/status\" | grep -q \"packager-status:running\" ; then\n      echo \"Port ${RCT_METRO_PORT} already in use, packager is either not running or not running correctly\"\n      exit 2\n    fi\n  else\n    open \"$SRCROOT/node_modules/react-native/scripts/launchPackager.command\" || echo \"Can't start packager automatically\"\n  fi\nfi\n";
		};
		2DA0387CAF4A895CB62A4168 /* [CP] Embed Pods Frameworks */ = {
			isa = PBXShellScriptBuildPhase;
			buildActionMask = 2147483647;
			files = (
			);
			inputFileListPaths = (
				"${PODS_ROOT}/Target Support Files/Pods-BrownfieldPlayground-Swift/Pods-BrownfieldPlayground-Swift-frameworks-${CONFIGURATION}-input-files.xcfilelist",
			);
			name = "[CP] Embed Pods Frameworks";
			outputFileListPaths = (
				"${PODS_ROOT}/Target Support Files/Pods-BrownfieldPlayground-Swift/Pods-BrownfieldPlayground-Swift-frameworks-${CONFIGURATION}-output-files.xcfilelist",
			);
			runOnlyForDeploymentPostprocessing = 0;
			shellPath = /bin/sh;
			shellScript = "\"${PODS_ROOT}/Target Support Files/Pods-BrownfieldPlayground-Swift/Pods-BrownfieldPlayground-Swift-frameworks.sh\"\n";
			showEnvVarsInLog = 0;
		};
		2E480D5543A3362C1EA35F1C /* [CP] Copy Pods Resources */ = {
			isa = PBXShellScriptBuildPhase;
			buildActionMask = 2147483647;
			files = (
			);
			inputFileListPaths = (
				"${PODS_ROOT}/Target Support Files/Pods-BrownfieldPlayground-Swift/Pods-BrownfieldPlayground-Swift-resources-${CONFIGURATION}-input-files.xcfilelist",
			);
			name = "[CP] Copy Pods Resources";
			outputFileListPaths = (
				"${PODS_ROOT}/Target Support Files/Pods-BrownfieldPlayground-Swift/Pods-BrownfieldPlayground-Swift-resources-${CONFIGURATION}-output-files.xcfilelist",
			);
			runOnlyForDeploymentPostprocessing = 0;
			shellPath = /bin/sh;
			shellScript = "\"${PODS_ROOT}/Target Support Files/Pods-BrownfieldPlayground-Swift/Pods-BrownfieldPlayground-Swift-resources.sh\"\n";
			showEnvVarsInLog = 0;
		};
		BADEB2816E7DB690BCFA211E /* [CP] Check Pods Manifest.lock */ = {
			isa = PBXShellScriptBuildPhase;
			buildActionMask = 2147483647;
			files = (
			);
			inputFileListPaths = (
			);
			inputPaths = (
				"${PODS_PODFILE_DIR_PATH}/Podfile.lock",
				"${PODS_ROOT}/Manifest.lock",
			);
			name = "[CP] Check Pods Manifest.lock";
			outputFileListPaths = (
			);
			outputPaths = (
				"$(DERIVED_FILE_DIR)/Pods-BrownfieldPlayground-Swift-checkManifestLockResult.txt",
			);
			runOnlyForDeploymentPostprocessing = 0;
			shellPath = /bin/sh;
			shellScript = "diff \"${PODS_PODFILE_DIR_PATH}/Podfile.lock\" \"${PODS_ROOT}/Manifest.lock\" > /dev/null\nif [ $? != 0 ] ; then\n    # print error to STDERR\n    echo \"error: The sandbox is not in sync with the Podfile.lock. Run 'pod install' or update your CocoaPods installation.\" >&2\n    exit 1\nfi\n# This output is used by Xcode 'outputs' to avoid re-running this script phase.\necho \"SUCCESS\" > \"${SCRIPT_OUTPUT_FILE_0}\"\n";
			showEnvVarsInLog = 0;
		};
/* End PBXShellScriptBuildPhase section */

/* Begin PBXSourcesBuildPhase section */
		285B45A228F57F8A006DCBCD /* Sources */ = {
			isa = PBXSourcesBuildPhase;
			buildActionMask = 2147483647;
			files = (
				285B45AE28F57F8A006DCBCD /* ViewController.swift in Sources */,
				285B45AA28F57F8A006DCBCD /* AppDelegate.swift in Sources */,
				28036BB128F71828003CDFEF /* BridgeManager.swift in Sources */,
				28036BB328F71948003CDFEF /* SceneDelegate.swift in Sources */,
			);
			runOnlyForDeploymentPostprocessing = 0;
		};
/* End PBXSourcesBuildPhase section */

/* Begin PBXVariantGroup section */
		285B45AF28F57F8A006DCBCD /* Main.storyboard */ = {
			isa = PBXVariantGroup;
			children = (
				285B45B028F57F8A006DCBCD /* Base */,
			);
			name = Main.storyboard;
			sourceTree = "<group>";
		};
		285B45B428F57F8B006DCBCD /* LaunchScreen.storyboard */ = {
			isa = PBXVariantGroup;
			children = (
				285B45B528F57F8B006DCBCD /* Base */,
			);
			name = LaunchScreen.storyboard;
			sourceTree = "<group>";
		};
/* End PBXVariantGroup section */

/* Begin XCBuildConfiguration section */
		285B45B828F57F8B006DCBCD /* Debug */ = {
			isa = XCBuildConfiguration;
			buildSettings = {
				ALWAYS_SEARCH_USER_PATHS = NO;
				CLANG_ANALYZER_NONNULL = YES;
				CLANG_ANALYZER_NUMBER_OBJECT_CONVERSION = YES_AGGRESSIVE;
				CLANG_CXX_LANGUAGE_STANDARD = "c++17";
				CLANG_ENABLE_MODULES = YES;
				CLANG_ENABLE_OBJC_ARC = YES;
				CLANG_ENABLE_OBJC_WEAK = YES;
				CLANG_WARN_BLOCK_CAPTURE_AUTORELEASING = YES;
				CLANG_WARN_BOOL_CONVERSION = YES;
				CLANG_WARN_COMMA = YES;
				CLANG_WARN_CONSTANT_CONVERSION = YES;
				CLANG_WARN_DEPRECATED_OBJC_IMPLEMENTATIONS = YES;
				CLANG_WARN_DIRECT_OBJC_ISA_USAGE = YES_ERROR;
				CLANG_WARN_DOCUMENTATION_COMMENTS = YES;
				CLANG_WARN_EMPTY_BODY = YES;
				CLANG_WARN_ENUM_CONVERSION = YES;
				CLANG_WARN_INFINITE_RECURSION = YES;
				CLANG_WARN_INT_CONVERSION = YES;
				CLANG_WARN_NON_LITERAL_NULL_CONVERSION = YES;
				CLANG_WARN_OBJC_IMPLICIT_RETAIN_SELF = YES;
				CLANG_WARN_OBJC_LITERAL_CONVERSION = YES;
				CLANG_WARN_OBJC_ROOT_CLASS = YES_ERROR;
				CLANG_WARN_QUOTED_INCLUDE_IN_FRAMEWORK_HEADER = YES;
				CLANG_WARN_RANGE_LOOP_ANALYSIS = YES;
				CLANG_WARN_STRICT_PROTOTYPES = YES;
				CLANG_WARN_SUSPICIOUS_MOVE = YES;
				CLANG_WARN_UNGUARDED_AVAILABILITY = YES_AGGRESSIVE;
				CLANG_WARN_UNREACHABLE_CODE = YES;
				CLANG_WARN__DUPLICATE_METHOD_MATCH = YES;
				COPY_PHASE_STRIP = NO;
				DEBUG_INFORMATION_FORMAT = dwarf;
				ENABLE_STRICT_OBJC_MSGSEND = YES;
				ENABLE_TESTABILITY = YES;
				"EXCLUDED_ARCHS[sdk=iphonesimulator*]" = i386;
				GCC_C_LANGUAGE_STANDARD = gnu11;
				GCC_DYNAMIC_NO_PIC = NO;
				GCC_NO_COMMON_BLOCKS = YES;
				GCC_OPTIMIZATION_LEVEL = 0;
				GCC_PREPROCESSOR_DEFINITIONS = (
					"DEBUG=1",
					"$(inherited)",
				);
				GCC_WARN_64_TO_32_BIT_CONVERSION = YES;
				GCC_WARN_ABOUT_RETURN_TYPE = YES_ERROR;
				GCC_WARN_UNDECLARED_SELECTOR = YES;
				GCC_WARN_UNINITIALIZED_AUTOS = YES_AGGRESSIVE;
				GCC_WARN_UNUSED_FUNCTION = YES;
				GCC_WARN_UNUSED_VARIABLE = YES;
				IPHONEOS_DEPLOYMENT_TARGET = 16.0;
				MTL_ENABLE_DEBUG_INFO = INCLUDE_SOURCE;
				MTL_FAST_MATH = YES;
				ONLY_ACTIVE_ARCH = YES;
				REACT_NATIVE_PATH = "${PODS_ROOT}/../../node_modules/react-native";
				SDKROOT = iphoneos;
				SWIFT_ACTIVE_COMPILATION_CONDITIONS = DEBUG;
				SWIFT_OPTIMIZATION_LEVEL = "-Onone";
			};
			name = Debug;
		};
		285B45B928F57F8B006DCBCD /* Release */ = {
			isa = XCBuildConfiguration;
			buildSettings = {
				ALWAYS_SEARCH_USER_PATHS = NO;
				CLANG_ANALYZER_NONNULL = YES;
				CLANG_ANALYZER_NUMBER_OBJECT_CONVERSION = YES_AGGRESSIVE;
				CLANG_CXX_LANGUAGE_STANDARD = "c++17";
				CLANG_ENABLE_MODULES = YES;
				CLANG_ENABLE_OBJC_ARC = YES;
				CLANG_ENABLE_OBJC_WEAK = YES;
				CLANG_WARN_BLOCK_CAPTURE_AUTORELEASING = YES;
				CLANG_WARN_BOOL_CONVERSION = YES;
				CLANG_WARN_COMMA = YES;
				CLANG_WARN_CONSTANT_CONVERSION = YES;
				CLANG_WARN_DEPRECATED_OBJC_IMPLEMENTATIONS = YES;
				CLANG_WARN_DIRECT_OBJC_ISA_USAGE = YES_ERROR;
				CLANG_WARN_DOCUMENTATION_COMMENTS = YES;
				CLANG_WARN_EMPTY_BODY = YES;
				CLANG_WARN_ENUM_CONVERSION = YES;
				CLANG_WARN_INFINITE_RECURSION = YES;
				CLANG_WARN_INT_CONVERSION = YES;
				CLANG_WARN_NON_LITERAL_NULL_CONVERSION = YES;
				CLANG_WARN_OBJC_IMPLICIT_RETAIN_SELF = YES;
				CLANG_WARN_OBJC_LITERAL_CONVERSION = YES;
				CLANG_WARN_OBJC_ROOT_CLASS = YES_ERROR;
				CLANG_WARN_QUOTED_INCLUDE_IN_FRAMEWORK_HEADER = YES;
				CLANG_WARN_RANGE_LOOP_ANALYSIS = YES;
				CLANG_WARN_STRICT_PROTOTYPES = YES;
				CLANG_WARN_SUSPICIOUS_MOVE = YES;
				CLANG_WARN_UNGUARDED_AVAILABILITY = YES_AGGRESSIVE;
				CLANG_WARN_UNREACHABLE_CODE = YES;
				CLANG_WARN__DUPLICATE_METHOD_MATCH = YES;
				COPY_PHASE_STRIP = NO;
				DEBUG_INFORMATION_FORMAT = "dwarf-with-dsym";
				ENABLE_NS_ASSERTIONS = NO;
				ENABLE_STRICT_OBJC_MSGSEND = YES;
				"EXCLUDED_ARCHS[sdk=iphonesimulator*]" = i386;
				GCC_C_LANGUAGE_STANDARD = gnu11;
				GCC_NO_COMMON_BLOCKS = YES;
				GCC_WARN_64_TO_32_BIT_CONVERSION = YES;
				GCC_WARN_ABOUT_RETURN_TYPE = YES_ERROR;
				GCC_WARN_UNDECLARED_SELECTOR = YES;
				GCC_WARN_UNINITIALIZED_AUTOS = YES_AGGRESSIVE;
				GCC_WARN_UNUSED_FUNCTION = YES;
				GCC_WARN_UNUSED_VARIABLE = YES;
				IPHONEOS_DEPLOYMENT_TARGET = 16.0;
				MTL_ENABLE_DEBUG_INFO = NO;
				MTL_FAST_MATH = YES;
				REACT_NATIVE_PATH = "${PODS_ROOT}/../../node_modules/react-native";
				SDKROOT = iphoneos;
				SWIFT_COMPILATION_MODE = wholemodule;
				SWIFT_OPTIMIZATION_LEVEL = "-O";
				VALIDATE_PRODUCT = YES;
			};
			name = Release;
		};
		285B45BB28F57F8B006DCBCD /* Debug */ = {
			isa = XCBuildConfiguration;
			baseConfigurationReference = 4769AAD4DDF19831D0F44E67 /* Pods-BrownfieldPlayground-Swift.debug.xcconfig */;
			buildSettings = {
				ASSETCATALOG_COMPILER_APPICON_NAME = AppIcon;
				ASSETCATALOG_COMPILER_GLOBAL_ACCENT_COLOR_NAME = AccentColor;
				CODE_SIGN_STYLE = Automatic;
				CURRENT_PROJECT_VERSION = 1;
				GENERATE_INFOPLIST_FILE = YES;
				INFOPLIST_FILE = BrownfieldPlayground-Swift/Info.plist;
				INFOPLIST_KEY_UIApplicationSupportsIndirectInputEvents = YES;
				INFOPLIST_KEY_UILaunchStoryboardName = LaunchScreen;
				INFOPLIST_KEY_UIMainStoryboardFile = Main;
				INFOPLIST_KEY_UISupportedInterfaceOrientations_iPad = "UIInterfaceOrientationPortrait UIInterfaceOrientationPortraitUpsideDown UIInterfaceOrientationLandscapeLeft UIInterfaceOrientationLandscapeRight";
				INFOPLIST_KEY_UISupportedInterfaceOrientations_iPhone = "UIInterfaceOrientationPortrait UIInterfaceOrientationLandscapeLeft UIInterfaceOrientationLandscapeRight";
				LD_RUNPATH_SEARCH_PATHS = (
					"$(inherited)",
					"@executable_path/Frameworks",
				);
				MARKETING_VERSION = 1.0;
				PRODUCT_BUNDLE_IDENTIFIER = com.michalchudziak.BrownfieldPlayground;
				PRODUCT_NAME = "$(TARGET_NAME)";
				SWIFT_EMIT_LOC_STRINGS = YES;
				SWIFT_VERSION = 5.0;
				TARGETED_DEVICE_FAMILY = "1,2";
			};
			name = Debug;
		};
		285B45BC28F57F8B006DCBCD /* Release */ = {
			isa = XCBuildConfiguration;
			baseConfigurationReference = 2AFC1E93BCDD91467D07E3C5 /* Pods-BrownfieldPlayground-Swift.release.xcconfig */;
			buildSettings = {
				ASSETCATALOG_COMPILER_APPICON_NAME = AppIcon;
				ASSETCATALOG_COMPILER_GLOBAL_ACCENT_COLOR_NAME = AccentColor;
				CODE_SIGN_STYLE = Automatic;
				CURRENT_PROJECT_VERSION = 1;
				GENERATE_INFOPLIST_FILE = YES;
				INFOPLIST_FILE = BrownfieldPlayground-Swift/Info.plist;
				INFOPLIST_KEY_UIApplicationSupportsIndirectInputEvents = YES;
				INFOPLIST_KEY_UILaunchStoryboardName = LaunchScreen;
				INFOPLIST_KEY_UIMainStoryboardFile = Main;
				INFOPLIST_KEY_UISupportedInterfaceOrientations_iPad = "UIInterfaceOrientationPortrait UIInterfaceOrientationPortraitUpsideDown UIInterfaceOrientationLandscapeLeft UIInterfaceOrientationLandscapeRight";
				INFOPLIST_KEY_UISupportedInterfaceOrientations_iPhone = "UIInterfaceOrientationPortrait UIInterfaceOrientationLandscapeLeft UIInterfaceOrientationLandscapeRight";
				LD_RUNPATH_SEARCH_PATHS = (
					"$(inherited)",
					"@executable_path/Frameworks",
				);
				MARKETING_VERSION = 1.0;
				PRODUCT_BUNDLE_IDENTIFIER = com.michalchudziak.BrownfieldPlayground;
				PRODUCT_NAME = "$(TARGET_NAME)";
				SWIFT_EMIT_LOC_STRINGS = YES;
				SWIFT_VERSION = 5.0;
				TARGETED_DEVICE_FAMILY = "1,2";
			};
			name = Release;
		};
/* End XCBuildConfiguration section */

/* Begin XCConfigurationList section */
		285B45A128F57F8A006DCBCD /* Build configuration list for PBXProject "BrownfieldPlayground-Swift" */ = {
			isa = XCConfigurationList;
			buildConfigurations = (
				285B45B828F57F8B006DCBCD /* Debug */,
				285B45B928F57F8B006DCBCD /* Release */,
			);
			defaultConfigurationIsVisible = 0;
			defaultConfigurationName = Release;
		};
		285B45BA28F57F8B006DCBCD /* Build configuration list for PBXNativeTarget "BrownfieldPlayground-Swift" */ = {
			isa = XCConfigurationList;
			buildConfigurations = (
				285B45BB28F57F8B006DCBCD /* Debug */,
				285B45BC28F57F8B006DCBCD /* Release */,
			);
			defaultConfigurationIsVisible = 0;
			defaultConfigurationName = Release;
		};
/* End XCConfigurationList section */
	};
	rootObject = 285B459E28F57F8A006DCBCD /* Project object */;
}
